
Microsoft Visual Studio Solution File, Format Version 12.00
# Visual Studio 15
Project("{FAE04EC0-301F-11D3-BF4B-00C04F79EFBC}") = "Unity.AI.Navigation.Samples", "Unity.AI.Navigation.Samples.csproj", "{66615725-50EE-8A23-B2BE-3909CC1CEBDD}"
EndProject
Project("{FAE04EC0-301F-11D3-BF4B-00C04F79EFBC}") = "VRM10.Tests", "VRM10.Tests.csproj", "{2623A5FF-425F-58A0-CE49-739883A16C1A}"
EndProject
Project("{FAE04EC0-301F-11D3-BF4B-00C04F79EFBC}") = "UniHumanoid", "UniHumanoid.csproj", "{5A4E9604-4B50-F23F-3FE6-2219BD9B7FE9}"
EndProject
Project("{FAE04EC0-301F-11D3-BF4B-00C04F79EFBC}") = "VRM10.Editor", "VRM10.Editor.csproj", "{296F99E8-5646-6CAA-A72D-F5F9C7CC1C2F}"
EndProject
Project("{FAE04EC0-301F-11D3-BF4B-00C04F79EFBC}") = "SpringBoneJobs", "SpringBoneJobs.csproj", "{07AC007A-5575-D7CB-2009-8F3699240ECF}"
EndProject
Project("{FAE04EC0-301F-11D3-BF4B-00C04F79EFBC}") = "UniGLTF.Editor", "UniGLTF.Editor.csproj", "{598DCCF9-CEAC-2235-95C9-6950D3C18D5F}"
EndProject
Project("{FAE04EC0-301F-11D3-BF4B-00C04F79EFBC}") = "UniGLTF", "UniGLTF.csproj", "{235CC964-A1CE-D9AD-7EE5-2E0789F2C470}"
EndProject
Project("{FAE04EC0-301F-11D3-BF4B-00C04F79EFBC}") = "VRM10", "VRM10.csproj", "{936E30CC-0270-08A4-81F2-ACB0A206DC5A}"
EndProject
Project("{FAE04EC0-301F-11D3-BF4B-00C04F79EFBC}") = "UniGLTF.Tests", "UniGLTF.Tests.csproj", "{AEA1775B-34D9-AAF7-61D7-485BC048341B}"
EndProject
Project("{FAE04EC0-301F-11D3-BF4B-00C04F79EFBC}") = "VRM10.MToon10", "VRM10.MToon10.csproj", "{036D18E3-72C3-94B2-18E5-82E68B2BBE2E}"
EndProject
Project("{FAE04EC0-301F-11D3-BF4B-00C04F79EFBC}") = "Assembly-CSharp", "Assembly-CSharp.csproj", "{A283A739-DE41-7046-90E3-E391715458BA}"
EndProject
Project("{FAE04EC0-301F-11D3-BF4B-00C04F79EFBC}") = "Assembly-CSharp-Editor", "Assembly-CSharp-Editor.csproj", "{92B12E91-0B26-8C9E-8C5B-456856B06C02}"
EndProject
Project("{FAE04EC0-301F-11D3-BF4B-00C04F79EFBC}") = "VrmLib", "VrmLib.csproj", "{68F51FF8-8083-714D-92BF-9ECF43D7BF56}"
EndProject
Project("{FAE04EC0-301F-11D3-BF4B-00C04F79EFBC}") = "UniHumanoid.Editor", "UniHumanoid.Editor.csproj", "{95BA5CC5-A83B-3A13-3CD0-33C7815EE299}"
EndProject
Project("{FAE04EC0-301F-11D3-BF4B-00C04F79EFBC}") = "VrmLibTests", "VrmLibTests.csproj", "{01BD35E9-950E-9357-5C88-69D929A61D5B}"
EndProject
Project("{FAE04EC0-301F-11D3-BF4B-00C04F79EFBC}") = "Unity.AI.Navigation.Samples.Initialization.Editor", "Unity.AI.Navigation.Samples.Initialization.Editor.csproj", "{8EFEDB8C-E074-2FB2-E90B-CCEF5D2E6BC6}"
EndProject
Project("{FAE04EC0-301F-11D3-BF4B-00C04F79EFBC}") = "UniGLTF.UniUnlit", "UniGLTF.UniUnlit.csproj", "{C505CBF5-4F48-8662-5974-9AA6E14F0A44}"
EndProject
Project("{FAE04EC0-301F-11D3-BF4B-00C04F79EFBC}") = "FastSpringBone10", "FastSpringBone10.csproj", "{508F5A27-7A2A-B511-FAFD-8C5D77BE3E9E}"
EndProject
Project("{FAE04EC0-301F-11D3-BF4B-00C04F79EFBC}") = "UniHumanoid.Editor.Tests", "UniHumanoid.Editor.Tests.csproj", "{BC58D35C-DD72-7366-58CE-664A980EFD79}"
EndProject
Project("{FAE04EC0-301F-11D3-BF4B-00C04F79EFBC}") = "UniGLTF.UniUnlit.Editor", "UniGLTF.UniUnlit.Editor.csproj", "{44782DE7-0BBA-F0F7-B36F-8562695574EA}"
EndProject
Project("{FAE04EC0-301F-11D3-BF4B-00C04F79EFBC}") = "UniGLTF.Utils", "UniGLTF.Utils.csproj", "{5C4F64C9-A15E-3E17-031C-21CC53A3BDF5}"
EndProject
Project("{FAE04EC0-301F-11D3-BF4B-00C04F79EFBC}") = "VRM10.MToon10.Editor", "VRM10.MToon10.Editor.csproj", "{A6B94A4A-2305-79AE-3EF9-F4B3D2FE9FAC}"
EndProject
Project("{FAE04EC0-301F-11D3-BF4B-00C04F79EFBC}") = "VRM10.MToon10.Tests", "VRM10.MToon10.Tests.csproj", "{48870111-5003-B0E6-649D-5B74619AE8DD}"
EndProject
Global
	GlobalSection(SolutionConfigurationPlatforms) = preSolution
		Debug|Any CPU = Debug|Any CPU
		Release|Any CPU = Release|Any CPU
	EndGlobalSection
	GlobalSection(ProjectConfigurationPlatforms) = postSolution
		{66615725-50EE-8A23-B2BE-3909CC1CEBDD}.Debug|Any CPU.ActiveCfg = Debug|Any CPU
		{66615725-50EE-8A23-B2BE-3909CC1CEBDD}.Debug|Any CPU.Build.0 = Debug|Any CPU
		{66615725-50EE-8A23-B2BE-3909CC1CEBDD}.Release|Any CPU.ActiveCfg = Release|Any CPU
		{66615725-50EE-8A23-B2BE-3909CC1CEBDD}.Release|Any CPU.Build.0 = Release|Any CPU
		{2623A5FF-425F-58A0-CE49-739883A16C1A}.Debug|Any CPU.ActiveCfg = Debug|Any CPU
		{2623A5FF-425F-58A0-CE49-739883A16C1A}.Debug|Any CPU.Build.0 = Debug|Any CPU
		{2623A5FF-425F-58A0-CE49-739883A16C1A}.Release|Any CPU.ActiveCfg = Release|Any CPU
		{2623A5FF-425F-58A0-CE49-739883A16C1A}.Release|Any CPU.Build.0 = Release|Any CPU
		{5A4E9604-4B50-F23F-3FE6-2219BD9B7FE9}.Debug|Any CPU.ActiveCfg = Debug|Any CPU
		{5A4E9604-4B50-F23F-3FE6-2219BD9B7FE9}.Debug|Any CPU.Build.0 = Debug|Any CPU
		{5A4E9604-4B50-F23F-3FE6-2219BD9B7FE9}.Release|Any CPU.ActiveCfg = Release|Any CPU
		{5A4E9604-4B50-F23F-3FE6-2219BD9B7FE9}.Release|Any CPU.Build.0 = Release|Any CPU
		{296F99E8-5646-6CAA-A72D-F5F9C7CC1C2F}.Debug|Any CPU.ActiveCfg = Debug|Any CPU
		{296F99E8-5646-6CAA-A72D-F5F9C7CC1C2F}.Debug|Any CPU.Build.0 = Debug|Any CPU
		{296F99E8-5646-6CAA-A72D-F5F9C7CC1C2F}.Release|Any CPU.ActiveCfg = Release|Any CPU
		{296F99E8-5646-6CAA-A72D-F5F9C7CC1C2F}.Release|Any CPU.Build.0 = Release|Any CPU
		{07AC007A-5575-D7CB-2009-8F3699240ECF}.Debug|Any CPU.ActiveCfg = Debug|Any CPU
		{07AC007A-5575-D7CB-2009-8F3699240ECF}.Debug|Any CPU.Build.0 = Debug|Any CPU
		{07AC007A-5575-D7CB-2009-8F3699240ECF}.Release|Any CPU.ActiveCfg = Release|Any CPU
		{07AC007A-5575-D7CB-2009-8F3699240ECF}.Release|Any CPU.Build.0 = Release|Any CPU
		{598DCCF9-CEAC-2235-95C9-6950D3C18D5F}.Debug|Any CPU.ActiveCfg = Debug|Any CPU
		{598DCCF9-CEAC-2235-95C9-6950D3C18D5F}.Debug|Any CPU.Build.0 = Debug|Any CPU
		{598DCCF9-CEAC-2235-95C9-6950D3C18D5F}.Release|Any CPU.ActiveCfg = Release|Any CPU
		{598DCCF9-CEAC-2235-95C9-6950D3C18D5F}.Release|Any CPU.Build.0 = Release|Any CPU
		{235CC964-A1CE-D9AD-7EE5-2E0789F2C470}.Debug|Any CPU.ActiveCfg = Debug|Any CPU
		{235CC964-A1CE-D9AD-7EE5-2E0789F2C470}.Debug|Any CPU.Build.0 = Debug|Any CPU
		{235CC964-A1CE-D9AD-7EE5-2E0789F2C470}.Release|Any CPU.ActiveCfg = Release|Any CPU
		{235CC964-A1CE-D9AD-7EE5-2E0789F2C470}.Release|Any CPU.Build.0 = Release|Any CPU
		{936E30CC-0270-08A4-81F2-ACB0A206DC5A}.Debug|Any CPU.ActiveCfg = Debug|Any CPU
		{936E30CC-0270-08A4-81F2-ACB0A206DC5A}.Debug|Any CPU.Build.0 = Debug|Any CPU
		{936E30CC-0270-08A4-81F2-ACB0A206DC5A}.Release|Any CPU.ActiveCfg = Release|Any CPU
		{936E30CC-0270-08A4-81F2-ACB0A206DC5A}.Release|Any CPU.Build.0 = Release|Any CPU
		{AEA1775B-34D9-AAF7-61D7-485BC048341B}.Debug|Any CPU.ActiveCfg = Debug|Any CPU
		{AEA1775B-34D9-AAF7-61D7-485BC048341B}.Debug|Any CPU.Build.0 = Debug|Any CPU
		{AEA1775B-34D9-AAF7-61D7-485BC048341B}.Release|Any CPU.ActiveCfg = Release|Any CPU
		{AEA1775B-34D9-AAF7-61D7-485BC048341B}.Release|Any CPU.Build.0 = Release|Any CPU
		{036D18E3-72C3-94B2-18E5-82E68B2BBE2E}.Debug|Any CPU.ActiveCfg = Debug|Any CPU
		{036D18E3-72C3-94B2-18E5-82E68B2BBE2E}.Debug|Any CPU.Build.0 = Debug|Any CPU
		{036D18E3-72C3-94B2-18E5-82E68B2BBE2E}.Release|Any CPU.ActiveCfg = Release|Any CPU
		{036D18E3-72C3-94B2-18E5-82E68B2BBE2E}.Release|Any CPU.Build.0 = Release|Any CPU
		{A283A739-DE41-7046-90E3-E391715458BA}.Debug|Any CPU.ActiveCfg = Debug|Any CPU
		{A283A739-DE41-7046-90E3-E391715458BA}.Debug|Any CPU.Build.0 = Debug|Any CPU
		{A283A739-DE41-7046-90E3-E391715458BA}.Release|Any CPU.ActiveCfg = Release|Any CPU
		{A283A739-DE41-7046-90E3-E391715458BA}.Release|Any CPU.Build.0 = Release|Any CPU
		{92B12E91-0B26-8C9E-8C5B-456856B06C02}.Debug|Any CPU.ActiveCfg = Debug|Any CPU
		{92B12E91-0B26-8C9E-8C5B-456856B06C02}.Debug|Any CPU.Build.0 = Debug|Any CPU
		{92B12E91-0B26-8C9E-8C5B-456856B06C02}.Release|Any CPU.ActiveCfg = Release|Any CPU
		{92B12E91-0B26-8C9E-8C5B-456856B06C02}.Release|Any CPU.Build.0 = Release|Any CPU
		{68F51FF8-8083-714D-92BF-9ECF43D7BF56}.Debug|Any CPU.ActiveCfg = Debug|Any CPU
		{68F51FF8-8083-714D-92BF-9ECF43D7BF56}.Debug|Any CPU.Build.0 = Debug|Any CPU
		{68F51FF8-8083-714D-92BF-9ECF43D7BF56}.Release|Any CPU.ActiveCfg = Release|Any CPU
		{68F51FF8-8083-714D-92BF-9ECF43D7BF56}.Release|Any CPU.Build.0 = Release|Any CPU
		{95BA5CC5-A83B-3A13-3CD0-33C7815EE299}.Debug|Any CPU.ActiveCfg = Debug|Any CPU
		{95BA5CC5-A83B-3A13-3CD0-33C7815EE299}.Debug|Any CPU.Build.0 = Debug|Any CPU
		{95BA5CC5-A83B-3A13-3CD0-33C7815EE299}.Release|Any CPU.ActiveCfg = Release|Any CPU
		{95BA5CC5-A83B-3A13-3CD0-33C7815EE299}.Release|Any CPU.Build.0 = Release|Any CPU
		{01BD35E9-950E-9357-5C88-69D929A61D5B}.Debug|Any CPU.ActiveCfg = Debug|Any CPU
		{01BD35E9-950E-9357-5C88-69D929A61D5B}.Debug|Any CPU.Build.0 = Debug|Any CPU
		{01BD35E9-950E-9357-5C88-69D929A61D5B}.Release|Any CPU.ActiveCfg = Release|Any CPU
		{01BD35E9-950E-9357-5C88-69D929A61D5B}.Release|Any CPU.Build.0 = Release|Any CPU
		{8EFEDB8C-E074-2FB2-E90B-CCEF5D2E6BC6}.Debug|Any CPU.ActiveCfg = Debug|Any CPU
		{8EFEDB8C-E074-2FB2-E90B-CCEF5D2E6BC6}.Debug|Any CPU.Build.0 = Debug|Any CPU
		{8EFEDB8C-E074-2FB2-E90B-CCEF5D2E6BC6}.Release|Any CPU.ActiveCfg = Release|Any CPU
		{8EFEDB8C-E074-2FB2-E90B-CCEF5D2E6BC6}.Release|Any CPU.Build.0 = Release|Any CPU
		{C505CBF5-4F48-8662-5974-9AA6E14F0A44}.Debug|Any CPU.ActiveCfg = Debug|Any CPU
		{C505CBF5-4F48-8662-5974-9AA6E14F0A44}.Debug|Any CPU.Build.0 = Debug|Any CPU
		{C505CBF5-4F48-8662-5974-9AA6E14F0A44}.Release|Any CPU.ActiveCfg = Release|Any CPU
		{C505CBF5-4F48-8662-5974-9AA6E14F0A44}.Release|Any CPU.Build.0 = Release|Any CPU
		{508F5A27-7A2A-B511-FAFD-8C5D77BE3E9E}.Debug|Any CPU.ActiveCfg = Debug|Any CPU
		{508F5A27-7A2A-B511-FAFD-8C5D77BE3E9E}.Debug|Any CPU.Build.0 = Debug|Any CPU
		{508F5A27-7A2A-B511-FAFD-8C5D77BE3E9E}.Release|Any CPU.ActiveCfg = Release|Any CPU
		{508F5A27-7A2A-B511-FAFD-8C5D77BE3E9E}.Release|Any CPU.Build.0 = Release|Any CPU
		{BC58D35C-DD72-7366-58CE-664A980EFD79}.Debug|Any CPU.ActiveCfg = Debug|Any CPU
		{BC58D35C-DD72-7366-58CE-664A980EFD79}.Debug|Any CPU.Build.0 = Debug|Any CPU
		{BC58D35C-DD72-7366-58CE-664A980EFD79}.Release|Any CPU.ActiveCfg = Release|Any CPU
		{BC58D35C-DD72-7366-58CE-664A980EFD79}.Release|Any CPU.Build.0 = Release|Any CPU
		{44782DE7-0BBA-F0F7-B36F-8562695574EA}.Debug|Any CPU.ActiveCfg = Debug|Any CPU
		{44782DE7-0BBA-F0F7-B36F-8562695574EA}.Debug|Any CPU.Build.0 = Debug|Any CPU
		{44782DE7-0BBA-F0F7-B36F-8562695574EA}.Release|Any CPU.ActiveCfg = Release|Any CPU
		{44782DE7-0BBA-F0F7-B36F-8562695574EA}.Release|Any CPU.Build.0 = Release|Any CPU
		{5C4F64C9-A15E-3E17-031C-21CC53A3BDF5}.Debug|Any CPU.ActiveCfg = Debug|Any CPU
		{5C4F64C9-A15E-3E17-031C-21CC53A3BDF5}.Debug|Any CPU.Build.0 = Debug|Any CPU
		{5C4F64C9-A15E-3E17-031C-21CC53A3BDF5}.Release|Any CPU.ActiveCfg = Release|Any CPU
		{5C4F64C9-A15E-3E17-031C-21CC53A3BDF5}.Release|Any CPU.Build.0 = Release|Any CPU
		{A6B94A4A-2305-79AE-3EF9-F4B3D2FE9FAC}.Debug|Any CPU.ActiveCfg = Debug|Any CPU
		{A6B94A4A-2305-79AE-3EF9-F4B3D2FE9FAC}.Debug|Any CPU.Build.0 = Debug|Any CPU
		{A6B94A4A-2305-79AE-3EF9-F4B3D2FE9FAC}.Release|Any CPU.ActiveCfg = Release|Any CPU
		{A6B94A4A-2305-79AE-3EF9-F4B3D2FE9FAC}.Release|Any CPU.Build.0 = Release|Any CPU
		{48870111-5003-B0E6-649D-5B74619AE8DD}.Debug|Any CPU.ActiveCfg = Debug|Any CPU
		{48870111-5003-B0E6-649D-5B74619AE8DD}.Debug|Any CPU.Build.0 = Debug|Any CPU
		{48870111-5003-B0E6-649D-5B74619AE8DD}.Release|Any CPU.ActiveCfg = Release|Any CPU
		{48870111-5003-B0E6-649D-5B74619AE8DD}.Release|Any CPU.Build.0 = Release|Any CPU
	EndGlobalSection
	GlobalSection(SolutionProperties) = preSolution
		HideSolutionNode = FALSE
	EndGlobalSection
EndGlobal
